// !$*UTF8*$!
{
	archiveVersion = 1;
	classes = {
	};
	objectVersion = 48;
	objects = {

/* Begin PBXBuildFile section */
		65305712301A27094BF6E4F6 /* Pods_Scenic.framework in Frameworks */ = {isa = PBXBuildFile; fileRef = 96ACEDA4A200D5FDE053F83A /* Pods_Scenic.framework */; };
		661FF8761F6ECC5300B9C873 /* Scenic.framework in Frameworks */ = {isa = PBXBuildFile; fileRef = 661FF86C1F6ECC5300B9C873 /* Scenic.framework */; };
		661FF87B1F6ECC5300B9C873 /* NavigatorTests.swift in Sources */ = {isa = PBXBuildFile; fileRef = 661FF87A1F6ECC5300B9C873 /* NavigatorTests.swift */; };
		661FF87D1F6ECC5300B9C873 /* Scenic.h in Headers */ = {isa = PBXBuildFile; fileRef = 661FF86F1F6ECC5300B9C873 /* Scenic.h */; settings = {ATTRIBUTES = (Public, ); }; };
		66978DA71F6ECE9F0063EED9 /* SceneTests.swift in Sources */ = {isa = PBXBuildFile; fileRef = 66978DA61F6ECE9F0063EED9 /* SceneTests.swift */; };
		66978DA91F6ECED30063EED9 /* Scene.swift in Sources */ = {isa = PBXBuildFile; fileRef = 66978DA81F6ECED30063EED9 /* Scene.swift */; };
		66978DAB1F6ECF510063EED9 /* Navigator.swift in Sources */ = {isa = PBXBuildFile; fileRef = 66978DAA1F6ECF510063EED9 /* Navigator.swift */; };
		66978DAD1F6ECF910063EED9 /* Utilities.swift in Sources */ = {isa = PBXBuildFile; fileRef = 66978DAC1F6ECF910063EED9 /* Utilities.swift */; };
		B897C4A4944D050A9AE9F8C1 /* Pods_ScenicTests.framework in Frameworks */ = {isa = PBXBuildFile; fileRef = 28D79514523F8463CD547B66 /* Pods_ScenicTests.framework */; };
		BE2656DB200A4BF3000C732C /* SceneRetainer.swift in Sources */ = {isa = PBXBuildFile; fileRef = BE2656DA200A4BF3000C732C /* SceneRetainer.swift */; };
		BE2656DD200A4C2F000C732C /* SceneRetainerTests.swift in Sources */ = {isa = PBXBuildFile; fileRef = BE2656DC200A4C2F000C732C /* SceneRetainerTests.swift */; };
		BEB182221FE587D100A913DB /* SceneModel.swift in Sources */ = {isa = PBXBuildFile; fileRef = BEB182211FE587D100A913DB /* SceneModel.swift */; };
		BEB182241FE58A1E00A913DB /* SceneModelTests.swift in Sources */ = {isa = PBXBuildFile; fileRef = BEB182231FE58A1E00A913DB /* SceneModelTests.swift */; };
/* End PBXBuildFile section */

/* Begin PBXContainerItemProxy section */
		661FF8771F6ECC5300B9C873 /* PBXContainerItemProxy */ = {
			isa = PBXContainerItemProxy;
			containerPortal = 661FF8631F6ECC5300B9C873 /* Project object */;
			proxyType = 1;
			remoteGlobalIDString = 661FF86B1F6ECC5300B9C873;
			remoteInfo = Scenic;
		};
/* End PBXContainerItemProxy section */

/* Begin PBXFileReference section */
		15F5D0D6FBC9EB0657DB4131 /* Pods-ScenicTests.debug.xcconfig */ = {isa = PBXFileReference; includeInIndex = 1; lastKnownFileType = text.xcconfig; name = "Pods-ScenicTests.debug.xcconfig"; path = "Pods/Target Support Files/Pods-ScenicTests/Pods-ScenicTests.debug.xcconfig"; sourceTree = "<group>"; };
		1AA8635DD850023C50DE60A9 /* Pods-Scenic.debug.xcconfig */ = {isa = PBXFileReference; includeInIndex = 1; lastKnownFileType = text.xcconfig; name = "Pods-Scenic.debug.xcconfig"; path = "Pods/Target Support Files/Pods-Scenic/Pods-Scenic.debug.xcconfig"; sourceTree = "<group>"; };
		28D79514523F8463CD547B66 /* Pods_ScenicTests.framework */ = {isa = PBXFileReference; explicitFileType = wrapper.framework; includeInIndex = 0; path = Pods_ScenicTests.framework; sourceTree = BUILT_PRODUCTS_DIR; };
		5DF28EC5C794F045098F5368 /* Pods-ScenicTests.release.xcconfig */ = {isa = PBXFileReference; includeInIndex = 1; lastKnownFileType = text.xcconfig; name = "Pods-ScenicTests.release.xcconfig"; path = "Pods/Target Support Files/Pods-ScenicTests/Pods-ScenicTests.release.xcconfig"; sourceTree = "<group>"; };
		661FF86C1F6ECC5300B9C873 /* Scenic.framework */ = {isa = PBXFileReference; explicitFileType = wrapper.framework; includeInIndex = 0; path = Scenic.framework; sourceTree = BUILT_PRODUCTS_DIR; };
		661FF86F1F6ECC5300B9C873 /* Scenic.h */ = {isa = PBXFileReference; lastKnownFileType = sourcecode.c.h; path = Scenic.h; sourceTree = "<group>"; };
		661FF8701F6ECC5300B9C873 /* Info.plist */ = {isa = PBXFileReference; lastKnownFileType = text.plist.xml; path = Info.plist; sourceTree = "<group>"; };
		661FF8751F6ECC5300B9C873 /* ScenicTests.xctest */ = {isa = PBXFileReference; explicitFileType = wrapper.cfbundle; includeInIndex = 0; path = ScenicTests.xctest; sourceTree = BUILT_PRODUCTS_DIR; };
		661FF87A1F6ECC5300B9C873 /* NavigatorTests.swift */ = {isa = PBXFileReference; lastKnownFileType = sourcecode.swift; path = NavigatorTests.swift; sourceTree = "<group>"; };
		661FF87C1F6ECC5300B9C873 /* Info.plist */ = {isa = PBXFileReference; lastKnownFileType = text.plist.xml; path = Info.plist; sourceTree = "<group>"; };
		66978DA61F6ECE9F0063EED9 /* SceneTests.swift */ = {isa = PBXFileReference; lastKnownFileType = sourcecode.swift; path = SceneTests.swift; sourceTree = "<group>"; };
		66978DA81F6ECED30063EED9 /* Scene.swift */ = {isa = PBXFileReference; lastKnownFileType = sourcecode.swift; path = Scene.swift; sourceTree = "<group>"; };
		66978DAA1F6ECF510063EED9 /* Navigator.swift */ = {isa = PBXFileReference; lastKnownFileType = sourcecode.swift; path = Navigator.swift; sourceTree = "<group>"; };
		66978DAC1F6ECF910063EED9 /* Utilities.swift */ = {isa = PBXFileReference; lastKnownFileType = sourcecode.swift; path = Utilities.swift; sourceTree = "<group>"; };
		96ACEDA4A200D5FDE053F83A /* Pods_Scenic.framework */ = {isa = PBXFileReference; explicitFileType = wrapper.framework; includeInIndex = 0; path = Pods_Scenic.framework; sourceTree = BUILT_PRODUCTS_DIR; };
		BE2656DA200A4BF3000C732C /* SceneRetainer.swift */ = {isa = PBXFileReference; lastKnownFileType = sourcecode.swift; path = SceneRetainer.swift; sourceTree = "<group>"; };
		BE2656DC200A4C2F000C732C /* SceneRetainerTests.swift */ = {isa = PBXFileReference; lastKnownFileType = sourcecode.swift; path = SceneRetainerTests.swift; sourceTree = "<group>"; };
		BEB182211FE587D100A913DB /* SceneModel.swift */ = {isa = PBXFileReference; lastKnownFileType = sourcecode.swift; path = SceneModel.swift; sourceTree = "<group>"; };
		BEB182231FE58A1E00A913DB /* SceneModelTests.swift */ = {isa = PBXFileReference; lastKnownFileType = sourcecode.swift; path = SceneModelTests.swift; sourceTree = "<group>"; };
		DC7281766D9BDE5FEDD7910F /* Pods-Scenic.release.xcconfig */ = {isa = PBXFileReference; includeInIndex = 1; lastKnownFileType = text.xcconfig; name = "Pods-Scenic.release.xcconfig"; path = "Pods/Target Support Files/Pods-Scenic/Pods-Scenic.release.xcconfig"; sourceTree = "<group>"; };
/* End PBXFileReference section */

/* Begin PBXFrameworksBuildPhase section */
		661FF8681F6ECC5300B9C873 /* Frameworks */ = {
			isa = PBXFrameworksBuildPhase;
			buildActionMask = 2147483647;
			files = (
				65305712301A27094BF6E4F6 /* Pods_Scenic.framework in Frameworks */,
			);
			runOnlyForDeploymentPostprocessing = 0;
		};
		661FF8721F6ECC5300B9C873 /* Frameworks */ = {
			isa = PBXFrameworksBuildPhase;
			buildActionMask = 2147483647;
			files = (
				661FF8761F6ECC5300B9C873 /* Scenic.framework in Frameworks */,
				B897C4A4944D050A9AE9F8C1 /* Pods_ScenicTests.framework in Frameworks */,
			);
			runOnlyForDeploymentPostprocessing = 0;
		};
/* End PBXFrameworksBuildPhase section */

/* Begin PBXGroup section */
		1649E2C9EECE057D8713CED8 /* Pods */ = {
			isa = PBXGroup;
			children = (
				1AA8635DD850023C50DE60A9 /* Pods-Scenic.debug.xcconfig */,
				DC7281766D9BDE5FEDD7910F /* Pods-Scenic.release.xcconfig */,
				15F5D0D6FBC9EB0657DB4131 /* Pods-ScenicTests.debug.xcconfig */,
				5DF28EC5C794F045098F5368 /* Pods-ScenicTests.release.xcconfig */,
			);
			name = Pods;
			sourceTree = "<group>";
		};
		661FF8621F6ECC5300B9C873 = {
			isa = PBXGroup;
			children = (
				661FF86E1F6ECC5300B9C873 /* Scenic */,
				661FF8791F6ECC5300B9C873 /* ScenicTests */,
				661FF86D1F6ECC5300B9C873 /* Products */,
				1649E2C9EECE057D8713CED8 /* Pods */,
				B0BE95F0AAC285C6F7912FEF /* Frameworks */,
			);
			sourceTree = "<group>";
		};
		661FF86D1F6ECC5300B9C873 /* Products */ = {
			isa = PBXGroup;
			children = (
				661FF86C1F6ECC5300B9C873 /* Scenic.framework */,
				661FF8751F6ECC5300B9C873 /* ScenicTests.xctest */,
			);
			name = Products;
			sourceTree = "<group>";
		};
		661FF86E1F6ECC5300B9C873 /* Scenic */ = {
			isa = PBXGroup;
			children = (
				661FF86F1F6ECC5300B9C873 /* Scenic.h */,
				661FF8701F6ECC5300B9C873 /* Info.plist */,
				66978DA81F6ECED30063EED9 /* Scene.swift */,
				BEB182211FE587D100A913DB /* SceneModel.swift */,
				BE2656DA200A4BF3000C732C /* SceneRetainer.swift */,
				66978DAA1F6ECF510063EED9 /* Navigator.swift */,
			);
			path = Scenic;
			sourceTree = "<group>";
		};
		661FF8791F6ECC5300B9C873 /* ScenicTests */ = {
			isa = PBXGroup;
			children = (
				661FF87A1F6ECC5300B9C873 /* NavigatorTests.swift */,
				661FF87C1F6ECC5300B9C873 /* Info.plist */,
				BEB182231FE58A1E00A913DB /* SceneModelTests.swift */,
				66978DA61F6ECE9F0063EED9 /* SceneTests.swift */,
				BE2656DC200A4C2F000C732C /* SceneRetainerTests.swift */,
				66978DAC1F6ECF910063EED9 /* Utilities.swift */,
			);
			path = ScenicTests;
			sourceTree = "<group>";
		};
		B0BE95F0AAC285C6F7912FEF /* Frameworks */ = {
			isa = PBXGroup;
			children = (
				96ACEDA4A200D5FDE053F83A /* Pods_Scenic.framework */,
				28D79514523F8463CD547B66 /* Pods_ScenicTests.framework */,
			);
			name = Frameworks;
			sourceTree = "<group>";
		};
/* End PBXGroup section */

/* Begin PBXHeadersBuildPhase section */
		661FF8691F6ECC5300B9C873 /* Headers */ = {
			isa = PBXHeadersBuildPhase;
			buildActionMask = 2147483647;
			files = (
				661FF87D1F6ECC5300B9C873 /* Scenic.h in Headers */,
			);
			runOnlyForDeploymentPostprocessing = 0;
		};
/* End PBXHeadersBuildPhase section */

/* Begin PBXNativeTarget section */
		661FF86B1F6ECC5300B9C873 /* Scenic */ = {
			isa = PBXNativeTarget;
			buildConfigurationList = 661FF8801F6ECC5300B9C873 /* Build configuration list for PBXNativeTarget "Scenic" */;
			buildPhases = (
				F4A63D1F039C56043C77021A /* [CP] Check Pods Manifest.lock */,
				661FF8671F6ECC5300B9C873 /* Sources */,
				661FF8681F6ECC5300B9C873 /* Frameworks */,
				661FF8691F6ECC5300B9C873 /* Headers */,
				661FF86A1F6ECC5300B9C873 /* Resources */,
				358EC6FFBD9FAC39C1891A67 /* [CP] Copy Pods Resources */,
			);
			buildRules = (
			);
			dependencies = (
			);
			name = Scenic;
			productName = Scenic;
			productReference = 661FF86C1F6ECC5300B9C873 /* Scenic.framework */;
			productType = "com.apple.product-type.framework";
		};
		661FF8741F6ECC5300B9C873 /* ScenicTests */ = {
			isa = PBXNativeTarget;
			buildConfigurationList = 661FF8831F6ECC5300B9C873 /* Build configuration list for PBXNativeTarget "ScenicTests" */;
			buildPhases = (
				9DB77973D38D543ABDA3AF0A /* [CP] Check Pods Manifest.lock */,
				661FF8711F6ECC5300B9C873 /* Sources */,
				661FF8721F6ECC5300B9C873 /* Frameworks */,
				661FF8731F6ECC5300B9C873 /* Resources */,
				AE56E35B47778C6AC1F91661 /* [CP] Embed Pods Frameworks */,
				848EC3958D6F6872A1E0937B /* [CP] Copy Pods Resources */,
			);
			buildRules = (
			);
			dependencies = (
				661FF8781F6ECC5300B9C873 /* PBXTargetDependency */,
			);
			name = ScenicTests;
			productName = ScenicTests;
			productReference = 661FF8751F6ECC5300B9C873 /* ScenicTests.xctest */;
			productType = "com.apple.product-type.bundle.unit-test";
		};
/* End PBXNativeTarget section */

/* Begin PBXProject section */
		661FF8631F6ECC5300B9C873 /* Project object */ = {
			isa = PBXProject;
			attributes = {
				LastSwiftUpdateCheck = 0900;
				LastUpgradeCheck = 0900;
				ORGANIZATIONNAME = "Samuel Duursma";
				TargetAttributes = {
					661FF86B1F6ECC5300B9C873 = {
						CreatedOnToolsVersion = 9.0;
						LastSwiftMigration = 0900;
						ProvisioningStyle = Automatic;
					};
					661FF8741F6ECC5300B9C873 = {
						CreatedOnToolsVersion = 9.0;
						ProvisioningStyle = Automatic;
					};
				};
			};
			buildConfigurationList = 661FF8661F6ECC5300B9C873 /* Build configuration list for PBXProject "Scenic" */;
			compatibilityVersion = "Xcode 8.0";
			developmentRegion = en;
			hasScannedForEncodings = 0;
			knownRegions = (
				en,
			);
			mainGroup = 661FF8621F6ECC5300B9C873;
			productRefGroup = 661FF86D1F6ECC5300B9C873 /* Products */;
			projectDirPath = "";
			projectRoot = "";
			targets = (
				661FF86B1F6ECC5300B9C873 /* Scenic */,
				661FF8741F6ECC5300B9C873 /* ScenicTests */,
			);
		};
/* End PBXProject section */

/* Begin PBXResourcesBuildPhase section */
		661FF86A1F6ECC5300B9C873 /* Resources */ = {
			isa = PBXResourcesBuildPhase;
			buildActionMask = 2147483647;
			files = (
			);
			runOnlyForDeploymentPostprocessing = 0;
		};
		661FF8731F6ECC5300B9C873 /* Resources */ = {
			isa = PBXResourcesBuildPhase;
			buildActionMask = 2147483647;
			files = (
			);
			runOnlyForDeploymentPostprocessing = 0;
		};
/* End PBXResourcesBuildPhase section */

/* Begin PBXShellScriptBuildPhase section */
		358EC6FFBD9FAC39C1891A67 /* [CP] Copy Pods Resources */ = {
			isa = PBXShellScriptBuildPhase;
			buildActionMask = 2147483647;
			files = (
			);
			inputPaths = (
			);
			name = "[CP] Copy Pods Resources";
			outputPaths = (
			);
			runOnlyForDeploymentPostprocessing = 0;
			shellPath = /bin/sh;
			shellScript = "\"${SRCROOT}/Pods/Target Support Files/Pods-Scenic/Pods-Scenic-resources.sh\"\n";
			showEnvVarsInLog = 0;
		};
		848EC3958D6F6872A1E0937B /* [CP] Copy Pods Resources */ = {
			isa = PBXShellScriptBuildPhase;
			buildActionMask = 2147483647;
			files = (
			);
			inputPaths = (
			);
			name = "[CP] Copy Pods Resources";
			outputPaths = (
			);
			runOnlyForDeploymentPostprocessing = 0;
			shellPath = /bin/sh;
			shellScript = "\"${SRCROOT}/Pods/Target Support Files/Pods-ScenicTests/Pods-ScenicTests-resources.sh\"\n";
			showEnvVarsInLog = 0;
		};
		9DB77973D38D543ABDA3AF0A /* [CP] Check Pods Manifest.lock */ = {
			isa = PBXShellScriptBuildPhase;
			buildActionMask = 2147483647;
			files = (
			);
			inputPaths = (
				"${PODS_PODFILE_DIR_PATH}/Podfile.lock",
				"${PODS_ROOT}/Manifest.lock",
			);
			name = "[CP] Check Pods Manifest.lock";
			outputPaths = (
				"$(DERIVED_FILE_DIR)/Pods-ScenicTests-checkManifestLockResult.txt",
			);
			runOnlyForDeploymentPostprocessing = 0;
			shellPath = /bin/sh;
			shellScript = "diff \"${PODS_PODFILE_DIR_PATH}/Podfile.lock\" \"${PODS_ROOT}/Manifest.lock\" > /dev/null\nif [ $? != 0 ] ; then\n    # print error to STDERR\n    echo \"error: The sandbox is not in sync with the Podfile.lock. Run 'pod install' or update your CocoaPods installation.\" >&2\n    exit 1\nfi\n# This output is used by Xcode 'outputs' to avoid re-running this script phase.\necho \"SUCCESS\" > \"${SCRIPT_OUTPUT_FILE_0}\"\n";
			showEnvVarsInLog = 0;
		};
		AE56E35B47778C6AC1F91661 /* [CP] Embed Pods Frameworks */ = {
			isa = PBXShellScriptBuildPhase;
			buildActionMask = 2147483647;
			files = (
			);
			inputPaths = (
				"${SRCROOT}/Pods/Target Support Files/Pods-ScenicTests/Pods-ScenicTests-frameworks.sh",
				"${BUILT_PRODUCTS_DIR}/Nimble/Nimble.framework",
			);
			name = "[CP] Embed Pods Frameworks";
			outputPaths = (
				"${TARGET_BUILD_DIR}/${FRAMEWORKS_FOLDER_PATH}/Nimble.framework",
			);
			runOnlyForDeploymentPostprocessing = 0;
			shellPath = /bin/sh;
			shellScript = "\"${SRCROOT}/Pods/Target Support Files/Pods-ScenicTests/Pods-ScenicTests-frameworks.sh\"\n";
			showEnvVarsInLog = 0;
		};
		F4A63D1F039C56043C77021A /* [CP] Check Pods Manifest.lock */ = {
			isa = PBXShellScriptBuildPhase;
			buildActionMask = 2147483647;
			files = (
			);
			inputPaths = (
				"${PODS_PODFILE_DIR_PATH}/Podfile.lock",
				"${PODS_ROOT}/Manifest.lock",
			);
			name = "[CP] Check Pods Manifest.lock";
			outputPaths = (
				"$(DERIVED_FILE_DIR)/Pods-Scenic-checkManifestLockResult.txt",
			);
			runOnlyForDeploymentPostprocessing = 0;
			shellPath = /bin/sh;
			shellScript = "diff \"${PODS_PODFILE_DIR_PATH}/Podfile.lock\" \"${PODS_ROOT}/Manifest.lock\" > /dev/null\nif [ $? != 0 ] ; then\n    # print error to STDERR\n    echo \"error: The sandbox is not in sync with the Podfile.lock. Run 'pod install' or update your CocoaPods installation.\" >&2\n    exit 1\nfi\n# This output is used by Xcode 'outputs' to avoid re-running this script phase.\necho \"SUCCESS\" > \"${SCRIPT_OUTPUT_FILE_0}\"\n";
			showEnvVarsInLog = 0;
		};
/* End PBXShellScriptBuildPhase section */

/* Begin PBXSourcesBuildPhase section */
		661FF8671F6ECC5300B9C873 /* Sources */ = {
			isa = PBXSourcesBuildPhase;
			buildActionMask = 2147483647;
			files = (
				BEB182221FE587D100A913DB /* SceneModel.swift in Sources */,
				66978DA91F6ECED30063EED9 /* Scene.swift in Sources */,
				BE2656DB200A4BF3000C732C /* SceneRetainer.swift in Sources */,
				66978DAB1F6ECF510063EED9 /* Navigator.swift in Sources */,
			);
			runOnlyForDeploymentPostprocessing = 0;
		};
		661FF8711F6ECC5300B9C873 /* Sources */ = {
			isa = PBXSourcesBuildPhase;
			buildActionMask = 2147483647;
			files = (
				66978DAD1F6ECF910063EED9 /* Utilities.swift in Sources */,
				BE2656DD200A4C2F000C732C /* SceneRetainerTests.swift in Sources */,
				66978DA71F6ECE9F0063EED9 /* SceneTests.swift in Sources */,
				BEB182241FE58A1E00A913DB /* SceneModelTests.swift in Sources */,
				661FF87B1F6ECC5300B9C873 /* NavigatorTests.swift in Sources */,
			);
			runOnlyForDeploymentPostprocessing = 0;
		};
/* End PBXSourcesBuildPhase section */

/* Begin PBXTargetDependency section */
		661FF8781F6ECC5300B9C873 /* PBXTargetDependency */ = {
			isa = PBXTargetDependency;
			target = 661FF86B1F6ECC5300B9C873 /* Scenic */;
			targetProxy = 661FF8771F6ECC5300B9C873 /* PBXContainerItemProxy */;
		};
/* End PBXTargetDependency section */

/* Begin XCBuildConfiguration section */
		661FF87E1F6ECC5300B9C873 /* Debug */ = {
			isa = XCBuildConfiguration;
			buildSettings = {
				ALWAYS_SEARCH_USER_PATHS = NO;
				CLANG_ANALYZER_NONNULL = YES;
				CLANG_ANALYZER_NUMBER_OBJECT_CONVERSION = YES_AGGRESSIVE;
				CLANG_CXX_LANGUAGE_STANDARD = "gnu++14";
				CLANG_CXX_LIBRARY = "libc++";
				CLANG_ENABLE_MODULES = YES;
				CLANG_ENABLE_OBJC_ARC = YES;
				CLANG_WARN_BLOCK_CAPTURE_AUTORELEASING = YES;
				CLANG_WARN_BOOL_CONVERSION = YES;
				CLANG_WARN_COMMA = YES;
				CLANG_WARN_CONSTANT_CONVERSION = YES;
				CLANG_WARN_DIRECT_OBJC_ISA_USAGE = YES_ERROR;
				CLANG_WARN_DOCUMENTATION_COMMENTS = YES;
				CLANG_WARN_EMPTY_BODY = YES;
				CLANG_WARN_ENUM_CONVERSION = YES;
				CLANG_WARN_INFINITE_RECURSION = YES;
				CLANG_WARN_INT_CONVERSION = YES;
				CLANG_WARN_NON_LITERAL_NULL_CONVERSION = YES;
				CLANG_WARN_OBJC_LITERAL_CONVERSION = YES;
				CLANG_WARN_OBJC_ROOT_CLASS = YES_ERROR;
				CLANG_WARN_RANGE_LOOP_ANALYSIS = YES;
				CLANG_WARN_STRICT_PROTOTYPES = YES;
				CLANG_WARN_SUSPICIOUS_MOVE = YES;
				CLANG_WARN_UNGUARDED_AVAILABILITY = YES_AGGRESSIVE;
				CLANG_WARN_UNREACHABLE_CODE = YES;
				CLANG_WARN__DUPLICATE_METHOD_MATCH = YES;
				CODE_SIGN_IDENTITY = "iPhone Developer";
				COPY_PHASE_STRIP = NO;
				CURRENT_PROJECT_VERSION = 1;
				DEBUG_INFORMATION_FORMAT = dwarf;
				ENABLE_STRICT_OBJC_MSGSEND = YES;
				ENABLE_TESTABILITY = YES;
				GCC_C_LANGUAGE_STANDARD = gnu11;
				GCC_DYNAMIC_NO_PIC = NO;
				GCC_NO_COMMON_BLOCKS = YES;
				GCC_OPTIMIZATION_LEVEL = 0;
				GCC_PREPROCESSOR_DEFINITIONS = (
					"DEBUG=1",
					"$(inherited)",
				);
				GCC_WARN_64_TO_32_BIT_CONVERSION = YES;
				GCC_WARN_ABOUT_RETURN_TYPE = YES_ERROR;
				GCC_WARN_UNDECLARED_SELECTOR = YES;
				GCC_WARN_UNINITIALIZED_AUTOS = YES_AGGRESSIVE;
				GCC_WARN_UNUSED_FUNCTION = YES;
				GCC_WARN_UNUSED_VARIABLE = YES;
				IPHONEOS_DEPLOYMENT_TARGET = 11.0;
				MTL_ENABLE_DEBUG_INFO = YES;
				ONLY_ACTIVE_ARCH = YES;
				SDKROOT = iphoneos;
				SWIFT_ACTIVE_COMPILATION_CONDITIONS = DEBUG;
				SWIFT_OPTIMIZATION_LEVEL = "-Onone";
				VERSIONING_SYSTEM = "apple-generic";
				VERSION_INFO_PREFIX = "";
			};
			name = Debug;
		};
		661FF87F1F6ECC5300B9C873 /* Release */ = {
			isa = XCBuildConfiguration;
			buildSettings = {
				ALWAYS_SEARCH_USER_PATHS = NO;
				CLANG_ANALYZER_NONNULL = YES;
				CLANG_ANALYZER_NUMBER_OBJECT_CONVERSION = YES_AGGRESSIVE;
				CLANG_CXX_LANGUAGE_STANDARD = "gnu++14";
				CLANG_CXX_LIBRARY = "libc++";
				CLANG_ENABLE_MODULES = YES;
				CLANG_ENABLE_OBJC_ARC = YES;
				CLANG_WARN_BLOCK_CAPTURE_AUTORELEASING = YES;
				CLANG_WARN_BOOL_CONVERSION = YES;
				CLANG_WARN_COMMA = YES;
				CLANG_WARN_CONSTANT_CONVERSION = YES;
				CLANG_WARN_DIRECT_OBJC_ISA_USAGE = YES_ERROR;
				CLANG_WARN_DOCUMENTATION_COMMENTS = YES;
				CLANG_WARN_EMPTY_BODY = YES;
				CLANG_WARN_ENUM_CONVERSION = YES;
				CLANG_WARN_INFINITE_RECURSION = YES;
				CLANG_WARN_INT_CONVERSION = YES;
				CLANG_WARN_NON_LITERAL_NULL_CONVERSION = YES;
				CLANG_WARN_OBJC_LITERAL_CONVERSION = YES;
				CLANG_WARN_OBJC_ROOT_CLASS = YES_ERROR;
				CLANG_WARN_RANGE_LOOP_ANALYSIS = YES;
				CLANG_WARN_STRICT_PROTOTYPES = YES;
				CLANG_WARN_SUSPICIOUS_MOVE = YES;
				CLANG_WARN_UNGUARDED_AVAILABILITY = YES_AGGRESSIVE;
				CLANG_WARN_UNREACHABLE_CODE = YES;
				CLANG_WARN__DUPLICATE_METHOD_MATCH = YES;
				CODE_SIGN_IDENTITY = "iPhone Developer";
				COPY_PHASE_STRIP = NO;
				CURRENT_PROJECT_VERSION = 1;
				DEBUG_INFORMATION_FORMAT = "dwarf-with-dsym";
				ENABLE_NS_ASSERTIONS = NO;
				ENABLE_STRICT_OBJC_MSGSEND = YES;
				GCC_C_LANGUAGE_STANDARD = gnu11;
				GCC_NO_COMMON_BLOCKS = YES;
				GCC_WARN_64_TO_32_BIT_CONVERSION = YES;
				GCC_WARN_ABOUT_RETURN_TYPE = YES_ERROR;
				GCC_WARN_UNDECLARED_SELECTOR = YES;
				GCC_WARN_UNINITIALIZED_AUTOS = YES_AGGRESSIVE;
				GCC_WARN_UNUSED_FUNCTION = YES;
				GCC_WARN_UNUSED_VARIABLE = YES;
				IPHONEOS_DEPLOYMENT_TARGET = 11.0;
				MTL_ENABLE_DEBUG_INFO = NO;
				SDKROOT = iphoneos;
				SWIFT_OPTIMIZATION_LEVEL = "-Owholemodule";
				VALIDATE_PRODUCT = YES;
				VERSIONING_SYSTEM = "apple-generic";
				VERSION_INFO_PREFIX = "";
			};
			name = Release;
		};
		661FF8811F6ECC5300B9C873 /* Debug */ = {
			isa = XCBuildConfiguration;
			baseConfigurationReference = 1AA8635DD850023C50DE60A9 /* Pods-Scenic.debug.xcconfig */;
			buildSettings = {
				CLANG_ENABLE_MODULES = YES;
				CODE_SIGN_IDENTITY = "";
				CODE_SIGN_STYLE = Automatic;
				DEFINES_MODULE = YES;
				DEVELOPMENT_TEAM = GL587LJC4J;
				DYLIB_COMPATIBILITY_VERSION = 1;
				DYLIB_CURRENT_VERSION = 1;
				DYLIB_INSTALL_NAME_BASE = "@rpath";
				INFOPLIST_FILE = Scenic/Info.plist;
				INSTALL_PATH = "$(LOCAL_LIBRARY_DIR)/Frameworks";
				LD_RUNPATH_SEARCH_PATHS = "$(inherited) @executable_path/Frameworks @loader_path/Frameworks";
				PRODUCT_BUNDLE_IDENTIFIER = com.samuelduursma.Scenic;
				PRODUCT_NAME = "$(TARGET_NAME:c99extidentifier)";
				SKIP_INSTALL = YES;
				SWIFT_OPTIMIZATION_LEVEL = "-Onone";
				SWIFT_VERSION = 4.0;
				TARGETED_DEVICE_FAMILY = "1,2";
			};
			name = Debug;
		};
		661FF8821F6ECC5300B9C873 /* Release */ = {
			isa = XCBuildConfiguration;
			baseConfigurationReference = DC7281766D9BDE5FEDD7910F /* Pods-Scenic.release.xcconfig */;
			buildSettings = {
				CLANG_ENABLE_MODULES = YES;
				CODE_SIGN_IDENTITY = "";
				CODE_SIGN_STYLE = Automatic;
				DEFINES_MODULE = YES;
				DEVELOPMENT_TEAM = GL587LJC4J;
				DYLIB_COMPATIBILITY_VERSION = 1;
				DYLIB_CURRENT_VERSION = 1;
				DYLIB_INSTALL_NAME_BASE = "@rpath";
				INFOPLIST_FILE = Scenic/Info.plist;
				INSTALL_PATH = "$(LOCAL_LIBRARY_DIR)/Frameworks";
				LD_RUNPATH_SEARCH_PATHS = "$(inherited) @executable_path/Frameworks @loader_path/Frameworks";
				PRODUCT_BUNDLE_IDENTIFIER = com.samuelduursma.Scenic;
				PRODUCT_NAME = "$(TARGET_NAME:c99extidentifier)";
				SKIP_INSTALL = YES;
				SWIFT_VERSION = 4.0;
				TARGETED_DEVICE_FAMILY = "1,2";
			};
			name = Release;
		};
		661FF8841F6ECC5300B9C873 /* Debug */ = {
			isa = XCBuildConfiguration;
			baseConfigurationReference = 15F5D0D6FBC9EB0657DB4131 /* Pods-ScenicTests.debug.xcconfig */;
			buildSettings = {
				CODE_SIGN_STYLE = Automatic;
				DEVELOPMENT_TEAM = GL587LJC4J;
				INFOPLIST_FILE = ScenicTests/Info.plist;
				LD_RUNPATH_SEARCH_PATHS = "$(inherited) @executable_path/Frameworks @loader_path/Frameworks";
				PRODUCT_BUNDLE_IDENTIFIER = com.samuelduursma.ScenicTests;
				PRODUCT_NAME = "$(TARGET_NAME)";
				SWIFT_VERSION = 4.0;
				TARGETED_DEVICE_FAMILY = "1,2";
			};
			name = Debug;
		};
		661FF8851F6ECC5300B9C873 /* Release */ = {
			isa = XCBuildConfiguration;
			baseConfigurationReference = 5DF28EC5C794F045098F5368 /* Pods-ScenicTests.release.xcconfig */;
			buildSettings = {
				CODE_SIGN_STYLE = Automatic;
				DEVELOPMENT_TEAM = GL587LJC4J;
				INFOPLIST_FILE = ScenicTests/Info.plist;
				LD_RUNPATH_SEARCH_PATHS = "$(inherited) @executable_path/Frameworks @loader_path/Frameworks";
				PRODUCT_BUNDLE_IDENTIFIER = com.samuelduursma.ScenicTests;
				PRODUCT_NAME = "$(TARGET_NAME)";
				SWIFT_VERSION = 4.0;
				TARGETED_DEVICE_FAMILY = "1,2";
			};
			name = Release;
		};
/* End XCBuildConfiguration section */

/* Begin XCConfigurationList section */
		661FF8661F6ECC5300B9C873 /* Build configuration list for PBXProject "Scenic" */ = {
			isa = XCConfigurationList;
			buildConfigurations = (
				661FF87E1F6ECC5300B9C873 /* Debug */,
				661FF87F1F6ECC5300B9C873 /* Release */,
			);
			defaultConfigurationIsVisible = 0;
			defaultConfigurationName = Release;
		};
		661FF8801F6ECC5300B9C873 /* Build configuration list for PBXNativeTarget "Scenic" */ = {
			isa = XCConfigurationList;
			buildConfigurations = (
				661FF8811F6ECC5300B9C873 /* Debug */,
				661FF8821F6ECC5300B9C873 /* Release */,
			);
			defaultConfigurationIsVisible = 0;
			defaultConfigurationName = Release;
		};
		661FF8831F6ECC5300B9C873 /* Build configuration list for PBXNativeTarget "ScenicTests" */ = {
			isa = XCConfigurationList;
			buildConfigurations = (
				661FF8841F6ECC5300B9C873 /* Debug */,
				661FF8851F6ECC5300B9C873 /* Release */,
			);
			defaultConfigurationIsVisible = 0;
			defaultConfigurationName = Release;
		};
/* End XCConfigurationList section */
	};
	rootObject = 661FF8631F6ECC5300B9C873 /* Project object */;
}
